
Microsoft Visual Studio Solution File, Format Version 12.00
# Visual Studio 15
VisualStudioVersion = 15.0.26403.0
MinimumVisualStudioVersion = 10.0.40219.1
Project("{FAE04EC0-301F-11D3-BF4B-00C04F79EFBC}") = "IntroToXam.Android", "IntroToXam\IntroToXam.Android\IntroToXam.Android.csproj", "{2C481424-023B-4CFF-B016-3C9F6577711A}"
EndProject
Project("{FAE04EC0-301F-11D3-BF4B-00C04F79EFBC}") = "IntroToXam", "IntroToXam\IntroToXam\IntroToXam.csproj", "{6ABEBA69-0287-4B83-80EC-DF8EE7EE88AF}"
EndProject
Project("{FAE04EC0-301F-11D3-BF4B-00C04F79EFBC}") = "IntroToXam.iOS", "IntroToXam\IntroToXam.iOS\IntroToXam.iOS.csproj", "{2E7C54AD-4174-4C2D-BDEE-4302804F18E4}"
EndProject
Global
	GlobalSection(SolutionConfigurationPlatforms) = preSolution
		Ad-Hoc|Any CPU = Ad-Hoc|Any CPU
		Ad-Hoc|iPhone = Ad-Hoc|iPhone
		Ad-Hoc|iPhoneSimulator = Ad-Hoc|iPhoneSimulator
		AppStore|Any CPU = AppStore|Any CPU
		AppStore|iPhone = AppStore|iPhone
		AppStore|iPhoneSimulator = AppStore|iPhoneSimulator
		Debug|Any CPU = Debug|Any CPU
		Debug|iPhone = Debug|iPhone
		Debug|iPhoneSimulator = Debug|iPhoneSimulator
		Release|Any CPU = Release|Any CPU
		Release|iPhone = Release|iPhone
		Release|iPhoneSimulator = Release|iPhoneSimulator
	EndGlobalSection
	GlobalSection(ProjectConfigurationPlatforms) = postSolution
		{2C481424-023B-4CFF-B016-3C9F6577711A}.Ad-Hoc|Any CPU.ActiveCfg = Release|Any CPU
		{2C481424-023B-4CFF-B016-3C9F6577711A}.Ad-Hoc|Any CPU.Build.0 = Release|Any CPU
		{2C481424-023B-4CFF-B016-3C9F6577711A}.Ad-Hoc|Any CPU.Deploy.0 = Release|Any CPU
		{2C481424-023B-4CFF-B016-3C9F6577711A}.Ad-Hoc|iPhone.ActiveCfg = Release|Any CPU
		{2C481424-023B-4CFF-B016-3C9F6577711A}.Ad-Hoc|iPhone.Build.0 = Release|Any CPU
		{2C481424-023B-4CFF-B016-3C9F6577711A}.Ad-Hoc|iPhone.Deploy.0 = Release|Any CPU
		{2C481424-023B-4CFF-B016-3C9F6577711A}.Ad-Hoc|iPhoneSimulator.ActiveCfg = Release|Any CPU
		{2C481424-023B-4CFF-B016-3C9F6577711A}.Ad-Hoc|iPhoneSimulator.Build.0 = Release|Any CPU
		{2C481424-023B-4CFF-B016-3C9F6577711A}.Ad-Hoc|iPhoneSimulator.Deploy.0 = Release|Any CPU
		{2C481424-023B-4CFF-B016-3C9F6577711A}.AppStore|Any CPU.ActiveCfg = Release|Any CPU
		{2C481424-023B-4CFF-B016-3C9F6577711A}.AppStore|Any CPU.Build.0 = Release|Any CPU
		{2C481424-023B-4CFF-B016-3C9F6577711A}.AppStore|Any CPU.Deploy.0 = Release|Any CPU
		{2C481424-023B-4CFF-B016-3C9F6577711A}.AppStore|iPhone.ActiveCfg = Release|Any CPU
		{2C481424-023B-4CFF-B016-3C9F6577711A}.AppStore|iPhone.Build.0 = Release|Any CPU
		{2C481424-023B-4CFF-B016-3C9F6577711A}.AppStore|iPhone.Deploy.0 = Release|Any CPU
		{2C481424-023B-4CFF-B016-3C9F6577711A}.AppStore|iPhoneSimulator.ActiveCfg = Release|Any CPU
		{2C481424-023B-4CFF-B016-3C9F6577711A}.AppStore|iPhoneSimulator.Build.0 = Release|Any CPU
		{2C481424-023B-4CFF-B016-3C9F6577711A}.AppStore|iPhoneSimulator.Deploy.0 = Release|Any CPU
		{2C481424-023B-4CFF-B016-3C9F6577711A}.Debug|Any CPU.ActiveCfg = Debug|Any CPU
		{2C481424-023B-4CFF-B016-3C9F6577711A}.Debug|Any CPU.Build.0 = Debug|Any CPU
		{2C481424-023B-4CFF-B016-3C9F6577711A}.Debug|Any CPU.Deploy.0 = Debug|Any CPU
		{2C481424-023B-4CFF-B016-3C9F6577711A}.Debug|iPhone.ActiveCfg = Debug|Any CPU
		{2C481424-023B-4CFF-B016-3C9F6577711A}.Debug|iPhone.Build.0 = Debug|Any CPU
		{2C481424-023B-4CFF-B016-3C9F6577711A}.Debug|iPhone.Deploy.0 = Debug|Any CPU
		{2C481424-023B-4CFF-B016-3C9F6577711A}.Debug|iPhoneSimulator.ActiveCfg = Debug|Any CPU
		{2C481424-023B-4CFF-B016-3C9F6577711A}.Debug|iPhoneSimulator.Build.0 = Debug|Any CPU
		{2C481424-023B-4CFF-B016-3C9F6577711A}.Debug|iPhoneSimulator.Deploy.0 = Debug|Any CPU
		{2C481424-023B-4CFF-B016-3C9F6577711A}.Release|Any CPU.ActiveCfg = Release|Any CPU
		{2C481424-023B-4CFF-B016-3C9F6577711A}.Release|Any CPU.Build.0 = Release|Any CPU
		{2C481424-023B-4CFF-B016-3C9F6577711A}.Release|Any CPU.Deploy.0 = Release|Any CPU
		{2C481424-023B-4CFF-B016-3C9F6577711A}.Release|iPhone.ActiveCfg = Release|Any CPU
		{2C481424-023B-4CFF-B016-3C9F6577711A}.Release|iPhone.Build.0 = Release|Any CPU
		{2C481424-023B-4CFF-B016-3C9F6577711A}.Release|iPhone.Deploy.0 = Release|Any CPU
		{2C481424-023B-4CFF-B016-3C9F6577711A}.Release|iPhoneSimulator.ActiveCfg = Release|Any CPU
		{2C481424-023B-4CFF-B016-3C9F6577711A}.Release|iPhoneSimulator.Build.0 = Release|Any CPU
		{2C481424-023B-4CFF-B016-3C9F6577711A}.Release|iPhoneSimulator.Deploy.0 = Release|Any CPU
		{6ABEBA69-0287-4B83-80EC-DF8EE7EE88AF}.Ad-Hoc|Any CPU.ActiveCfg = Release|Any CPU
		{6ABEBA69-0287-4B83-80EC-DF8EE7EE88AF}.Ad-Hoc|Any CPU.Build.0 = Release|Any CPU
		{6ABEBA69-0287-4B83-80EC-DF8EE7EE88AF}.Ad-Hoc|iPhone.ActiveCfg = Release|Any CPU
		{6ABEBA69-0287-4B83-80EC-DF8EE7EE88AF}.Ad-Hoc|iPhone.Build.0 = Release|Any CPU
		{6ABEBA69-0287-4B83-80EC-DF8EE7EE88AF}.Ad-Hoc|iPhoneSimulator.ActiveCfg = Release|Any CPU
		{6ABEBA69-0287-4B83-80EC-DF8EE7EE88AF}.Ad-Hoc|iPhoneSimulator.Build.0 = Release|Any CPU
		{6ABEBA69-0287-4B83-80EC-DF8EE7EE88AF}.AppStore|Any CPU.ActiveCfg = Release|Any CPU
		{6ABEBA69-0287-4B83-80EC-DF8EE7EE88AF}.AppStore|Any CPU.Build.0 = Release|Any CPU
		{6ABEBA69-0287-4B83-80EC-DF8EE7EE88AF}.AppStore|iPhone.ActiveCfg = Release|Any CPU
		{6ABEBA69-0287-4B83-80EC-DF8EE7EE88AF}.AppStore|iPhone.Build.0 = Release|Any CPU
		{6ABEBA69-0287-4B83-80EC-DF8EE7EE88AF}.AppStore|iPhoneSimulator.ActiveCfg = Release|Any CPU
		{6ABEBA69-0287-4B83-80EC-DF8EE7EE88AF}.AppStore|iPhoneSimulator.Build.0 = Release|Any CPU
		{6ABEBA69-0287-4B83-80EC-DF8EE7EE88AF}.Debug|Any CPU.ActiveCfg = Debug|Any CPU
		{6ABEBA69-0287-4B83-80EC-DF8EE7EE88AF}.Debug|Any CPU.Build.0 = Debug|Any CPU
		{6ABEBA69-0287-4B83-80EC-DF8EE7EE88AF}.Debug|iPhone.ActiveCfg = Debug|Any CPU
		{6ABEBA69-0287-4B83-80EC-DF8EE7EE88AF}.Debug|iPhone.Build.0 = Debug|Any CPU
		{6ABEBA69-0287-4B83-80EC-DF8EE7EE88AF}.Debug|iPhoneSimulator.ActiveCfg = Debug|Any CPU
		{6ABEBA69-0287-4B83-80EC-DF8EE7EE88AF}.Debug|iPhoneSimulator.Build.0 = Debug|Any CPU
		{6ABEBA69-0287-4B83-80EC-DF8EE7EE88AF}.Release|Any CPU.ActiveCfg = Release|Any CPU
		{6ABEBA69-0287-4B83-80EC-DF8EE7EE88AF}.Release|Any CPU.Build.0 = Release|Any CPU
		{6ABEBA69-0287-4B83-80EC-DF8EE7EE88AF}.Release|iPhone.ActiveCfg = Release|Any CPU
		{6ABEBA69-0287-4B83-80EC-DF8EE7EE88AF}.Release|iPhone.Build.0 = Release|Any CPU
		{6ABEBA69-0287-4B83-80EC-DF8EE7EE88AF}.Release|iPhoneSimulator.ActiveCfg = Release|Any CPU
		{6ABEBA69-0287-4B83-80EC-DF8EE7EE88AF}.Release|iPhoneSimulator.Build.0 = Release|Any CPU
		{2E7C54AD-4174-4C2D-BDEE-4302804F18E4}.Ad-Hoc|Any CPU.ActiveCfg = Ad-Hoc|iPhone
		{2E7C54AD-4174-4C2D-BDEE-4302804F18E4}.Ad-Hoc|iPhone.ActiveCfg = Ad-Hoc|iPhone
		{2E7C54AD-4174-4C2D-BDEE-4302804F18E4}.Ad-Hoc|iPhone.Build.0 = Ad-Hoc|iPhone
		{2E7C54AD-4174-4C2D-BDEE-4302804F18E4}.Ad-Hoc|iPhoneSimulator.ActiveCfg = Ad-Hoc|iPhoneSimulator
		{2E7C54AD-4174-4C2D-BDEE-4302804F18E4}.Ad-Hoc|iPhoneSimulator.Build.0 = Ad-Hoc|iPhoneSimulator
		{2E7C54AD-4174-4C2D-BDEE-4302804F18E4}.AppStore|Any CPU.ActiveCfg = AppStore|iPhone
		{2E7C54AD-4174-4C2D-BDEE-4302804F18E4}.AppStore|iPhone.ActiveCfg = AppStore|iPhone
		{2E7C54AD-4174-4C2D-BDEE-4302804F18E4}.AppStore|iPhone.Build.0 = AppStore|iPhone
		{2E7C54AD-4174-4C2D-BDEE-4302804F18E4}.AppStore|iPhoneSimulator.ActiveCfg = AppStore|iPhoneSimulator
		{2E7C54AD-4174-4C2D-BDEE-4302804F18E4}.AppStore|iPhoneSimulator.Build.0 = AppStore|iPhoneSimulator
		{2E7C54AD-4174-4C2D-BDEE-4302804F18E4}.Debug|Any CPU.ActiveCfg = Debug|iPhone
		{2E7C54AD-4174-4C2D-BDEE-4302804F18E4}.Debug|iPhone.ActiveCfg = Debug|iPhone
		{2E7C54AD-4174-4C2D-BDEE-4302804F18E4}.Debug|iPhone.Build.0 = Debug|iPhone
		{2E7C54AD-4174-4C2D-BDEE-4302804F18E4}.Debug|iPhoneSimulator.ActiveCfg = Debug|iPhoneSimulator
		{2E7C54AD-4174-4C2D-BDEE-4302804F18E4}.Debug|iPhoneSimulator.Build.0 = Debug|iPhoneSimulator
		{2E7C54AD-4174-4C2D-BDEE-4302804F18E4}.Release|Any CPU.ActiveCfg = Release|iPhone
		{2E7C54AD-4174-4C2D-BDEE-4302804F18E4}.Release|iPhone.ActiveCfg = Release|iPhone
		{2E7C54AD-4174-4C2D-BDEE-4302804F18E4}.Release|iPhone.Build.0 = Release|iPhone
		{2E7C54AD-4174-4C2D-BDEE-4302804F18E4}.Release|iPhoneSimulator.ActiveCfg = Release|iPhoneSimulator
		{2E7C54AD-4174-4C2D-BDEE-4302804F18E4}.Release|iPhoneSimulator.Build.0 = Release|iPhoneSimulator
	EndGlobalSection
	GlobalSection(SolutionProperties) = preSolution
		HideSolutionNode = FALSE
	EndGlobalSection
EndGlobal
